# This file is @generated by PDM.
# It is not intended for manual editing.

[metadata]
groups = ["default", "dev"]
strategy = ["cross_platform"]
lock_version = "4.5.0"
content_hash = "sha256:06f7715562248cda367b1ce7d972db42826b61a8624f52bbdfaefb1e85966752"

[[metadata.targets]]
requires_python = ">=3.11"

[[package]]
name = "anyio"
version = "3.7.0"
requires_python = ">=3.7"
summary = "High level compatibility layer for multiple asynchronous event loop implementations"
dependencies = [
    "exceptiongroup; python_version < \"3.11\"",
    "idna>=2.8",
    "sniffio>=1.1",
    "typing-extensions; python_version < \"3.8\"",
]
files = [
    {file = "anyio-3.7.0-py3-none-any.whl", hash = "sha256:eddca883c4175f14df8aedce21054bfca3adb70ffe76a9f607aef9d7fa2ea7f0"},
    {file = "anyio-3.7.0.tar.gz", hash = "sha256:275d9973793619a5374e1c89a4f4ad3f4b0a5510a2b5b939444bee8f4c4d37ce"},
]

[[package]]
name = "blinker"
version = "1.6.2"
requires_python = ">=3.7"
summary = "Fast, simple object-to-object and broadcast signaling"
files = [
    {file = "blinker-1.6.2-py3-none-any.whl", hash = "sha256:c3d739772abb7bc2860abf5f2ec284223d9ad5c76da018234f6f50d6f31ab1f0"},
    {file = "blinker-1.6.2.tar.gz", hash = "sha256:4afd3de66ef3a9f8067559fb7a1cbe555c17dcbe15971b05d1b625c3e7abe213"},
]

[[package]]
name = "brotli"
version = "1.0.9"
summary = "Python bindings for the Brotli compression library"
files = [
    {file = "Brotli-1.0.9-cp311-cp311-macosx_10_9_universal2.whl", hash = "sha256:cc0283a406774f465fb45ec7efb66857c09ffefbe49ec20b7882eff6d3c86d3a"},
    {file = "Brotli-1.0.9-cp311-cp311-macosx_10_9_x86_64.whl", hash = "sha256:11d3283d89af7033236fa4e73ec2cbe743d4f6a81d41bd234f24bf63dde979df"},
    {file = "Brotli-1.0.9-cp311-cp311-manylinux_2_17_aarch64.manylinux2014_aarch64.whl", hash = "sha256:3c1306004d49b84bd0c4f90457c6f57ad109f5cc6067a9664e12b7b79a9948ad"},
    {file = "Brotli-1.0.9-cp311-cp311-manylinux_2_17_x86_64.manylinux2014_x86_64.whl", hash = "sha256:b1375b5d17d6145c798661b67e4ae9d5496920d9265e2f00f1c2c0b5ae91fbde"},
    {file = "Brotli-1.0.9-cp311-cp311-manylinux_2_5_i686.manylinux1_i686.manylinux_2_17_i686.manylinux2014_i686.whl", hash = "sha256:cab1b5964b39607a66adbba01f1c12df2e55ac36c81ec6ed44f2fca44178bf1a"},
    {file = "Brotli-1.0.9-cp311-cp311-musllinux_1_1_aarch64.whl", hash = "sha256:8ed6a5b3d23ecc00ea02e1ed8e0ff9a08f4fc87a1f58a2530e71c0f48adf882f"},
    {file = "Brotli-1.0.9-cp311-cp311-musllinux_1_1_i686.whl", hash = "sha256:cb02ed34557afde2d2da68194d12f5719ee96cfb2eacc886352cb73e3808fc5d"},
    {file = "Brotli-1.0.9-cp311-cp311-musllinux_1_1_x86_64.whl", hash = "sha256:b3523f51818e8f16599613edddb1ff924eeb4b53ab7e7197f85cbc321cdca32f"},
    {file = "Brotli-1.0.9-cp311-cp311-win32.whl", hash = "sha256:ba72d37e2a924717990f4d7482e8ac88e2ef43fb95491eb6e0d124d77d2a150d"},
    {file = "Brotli-1.0.9-cp311-cp311-win_amd64.whl", hash = "sha256:3ffaadcaeafe9d30a7e4e1e97ad727e4f5610b9fa2f7551998471e3736738679"},
    {file = "Brotli-1.0.9.zip", hash = "sha256:4d1b810aa0ed773f81dceda2cc7b403d01057458730e309856356d4ef4188438"},
]

[[package]]
name = "certifi"
version = "2023.5.7"
requires_python = ">=3.6"
summary = "Python package for providing Mozilla's CA Bundle."
files = [
    {file = "certifi-2023.5.7-py3-none-any.whl", hash = "sha256:c6c2e98f5c7869efca1f8916fed228dd91539f9f1b444c314c06eef02980c716"},
    {file = "certifi-2023.5.7.tar.gz", hash = "sha256:0f0d56dc5a6ad56fd4ba36484d6cc34451e1c6548c61daad8c320169f91eddc7"},
]

[[package]]
name = "cffi"
version = "1.15.1"
summary = "Foreign Function Interface for Python calling C code."
dependencies = [
    "pycparser",
]
files = [
    {file = "cffi-1.15.1-cp311-cp311-macosx_10_9_x86_64.whl", hash = "sha256:3d08afd128ddaa624a48cf2b859afef385b720bb4b43df214f85616922e6a5ac"},
    {file = "cffi-1.15.1-cp311-cp311-macosx_11_0_arm64.whl", hash = "sha256:3799aecf2e17cf585d977b780ce79ff0dc9b78d799fc694221ce814c2c19db83"},
    {file = "cffi-1.15.1-cp311-cp311-manylinux_2_12_i686.manylinux2010_i686.manylinux_2_17_i686.manylinux2014_i686.whl", hash = "sha256:a591fe9e525846e4d154205572a029f653ada1a78b93697f3b5a8f1f2bc055b9"},
    {file = "cffi-1.15.1-cp311-cp311-manylinux_2_17_aarch64.manylinux2014_aarch64.whl", hash = "sha256:3548db281cd7d2561c9ad9984681c95f7b0e38881201e157833a2342c30d5e8c"},
    {file = "cffi-1.15.1-cp311-cp311-manylinux_2_17_ppc64le.manylinux2014_ppc64le.whl", hash = "sha256:91fc98adde3d7881af9b59ed0294046f3806221863722ba7d8d120c575314325"},
    {file = "cffi-1.15.1-cp311-cp311-manylinux_2_17_x86_64.manylinux2014_x86_64.whl", hash = "sha256:94411f22c3985acaec6f83c6df553f2dbe17b698cc7f8ae751ff2237d96b9e3c"},
    {file = "cffi-1.15.1-cp311-cp311-musllinux_1_1_i686.whl", hash = "sha256:03425bdae262c76aad70202debd780501fabeaca237cdfddc008987c0e0f59ef"},
    {file = "cffi-1.15.1-cp311-cp311-musllinux_1_1_x86_64.whl", hash = "sha256:cc4d65aeeaa04136a12677d3dd0b1c0c94dc43abac5860ab33cceb42b801c1e8"},
    {file = "cffi-1.15.1-cp311-cp311-win32.whl", hash = "sha256:a0f100c8912c114ff53e1202d0078b425bee3649ae34d7b070e9697f93c5d52d"},
    {file = "cffi-1.15.1-cp311-cp311-win_amd64.whl", hash = "sha256:04ed324bda3cda42b9b695d51bb7d54b680b9719cfab04227cdd1e04e5de3104"},
    {file = "cffi-1.15.1.tar.gz", hash = "sha256:d400bfb9a37b1351253cb402671cea7e89bdecc294e8016a707f6d1d8ac934f9"},
]

[[package]]
name = "charset-normalizer"
version = "3.1.0"
requires_python = ">=3.7.0"
summary = "The Real First Universal Charset Detector. Open, modern and actively maintained alternative to Chardet."
files = [
    {file = "charset-normalizer-3.1.0.tar.gz", hash = "sha256:34e0a2f9c370eb95597aae63bf85eb5e96826d81e3dcf88b8886012906f509b5"},
    {file = "charset_normalizer-3.1.0-cp311-cp311-macosx_10_9_universal2.whl", hash = "sha256:9a3267620866c9d17b959a84dd0bd2d45719b817245e49371ead79ed4f710d19"},
    {file = "charset_normalizer-3.1.0-cp311-cp311-macosx_10_9_x86_64.whl", hash = "sha256:6734e606355834f13445b6adc38b53c0fd45f1a56a9ba06c2058f86893ae8017"},
    {file = "charset_normalizer-3.1.0-cp311-cp311-macosx_11_0_arm64.whl", hash = "sha256:f8303414c7b03f794347ad062c0516cee0e15f7a612abd0ce1e25caf6ceb47df"},
    {file = "charset_normalizer-3.1.0-cp311-cp311-manylinux_2_17_aarch64.manylinux2014_aarch64.whl", hash = "sha256:aaf53a6cebad0eae578f062c7d462155eada9c172bd8c4d250b8c1d8eb7f916a"},
    {file = "charset_normalizer-3.1.0-cp311-cp311-manylinux_2_17_ppc64le.manylinux2014_ppc64le.whl", hash = "sha256:3dc5b6a8ecfdc5748a7e429782598e4f17ef378e3e272eeb1340ea57c9109f41"},
    {file = "charset_normalizer-3.1.0-cp311-cp311-manylinux_2_17_s390x.manylinux2014_s390x.whl", hash = "sha256:e1b25e3ad6c909f398df8921780d6a3d120d8c09466720226fc621605b6f92b1"},
    {file = "charset_normalizer-3.1.0-cp311-cp311-manylinux_2_17_x86_64.manylinux2014_x86_64.whl", hash = "sha256:0ca564606d2caafb0abe6d1b5311c2649e8071eb241b2d64e75a0d0065107e62"},
    {file = "charset_normalizer-3.1.0-cp311-cp311-manylinux_2_5_i686.manylinux1_i686.manylinux_2_17_i686.manylinux2014_i686.whl", hash = "sha256:b82fab78e0b1329e183a65260581de4375f619167478dddab510c6c6fb04d9b6"},
    {file = "charset_normalizer-3.1.0-cp311-cp311-musllinux_1_1_aarch64.whl", hash = "sha256:bd7163182133c0c7701b25e604cf1611c0d87712e56e88e7ee5d72deab3e76b5"},
    {file = "charset_normalizer-3.1.0-cp311-cp311-musllinux_1_1_i686.whl", hash = "sha256:11d117e6c63e8f495412d37e7dc2e2fff09c34b2d09dbe2bee3c6229577818be"},
    {file = "charset_normalizer-3.1.0-cp311-cp311-musllinux_1_1_ppc64le.whl", hash = "sha256:cf6511efa4801b9b38dc5546d7547d5b5c6ef4b081c60b23e4d941d0eba9cbeb"},
    {file = "charset_normalizer-3.1.0-cp311-cp311-musllinux_1_1_s390x.whl", hash = "sha256:abc1185d79f47c0a7aaf7e2412a0eb2c03b724581139193d2d82b3ad8cbb00ac"},
    {file = "charset_normalizer-3.1.0-cp311-cp311-musllinux_1_1_x86_64.whl", hash = "sha256:cb7b2ab0188829593b9de646545175547a70d9a6e2b63bf2cd87a0a391599324"},
    {file = "charset_normalizer-3.1.0-cp311-cp311-win32.whl", hash = "sha256:c36bcbc0d5174a80d6cccf43a0ecaca44e81d25be4b7f90f0ed7bcfbb5a00909"},
    {file = "charset_normalizer-3.1.0-cp311-cp311-win_amd64.whl", hash = "sha256:cca4def576f47a09a943666b8f829606bcb17e2bc2d5911a46c8f8da45f56755"},
    {file = "charset_normalizer-3.1.0-py3-none-any.whl", hash = "sha256:3d9098b479e78c85080c98e1e35ff40b4a31d8953102bb0fd7d1b6f8a2111a3d"},
]

[[package]]
name = "click"
version = "8.1.3"
requires_python = ">=3.7"
summary = "Composable command line interface toolkit"
dependencies = [
    "colorama; platform_system == \"Windows\"",
    "importlib-metadata; python_version < \"3.8\"",
]
files = [
    {file = "click-8.1.3-py3-none-any.whl", hash = "sha256:bb4d8133cb15a609f44e8213d9b391b0809795062913b383c62be0ee95b1db48"},
    {file = "click-8.1.3.tar.gz", hash = "sha256:7682dc8afb30297001674575ea00d1814d808d6a36af415a82bd481d37ba7b8e"},
]

[[package]]
name = "colorama"
version = "0.4.6"
requires_python = "!=3.0.*,!=3.1.*,!=3.2.*,!=3.3.*,!=3.4.*,!=3.5.*,!=3.6.*,>=2.7"
summary = "Cross-platform colored terminal text."
files = [
    {file = "colorama-0.4.6-py2.py3-none-any.whl", hash = "sha256:4f1d9991f5acc0ca119f9d443620b77f9d6b33703e51011c16baf57afb285fc6"},
    {file = "colorama-0.4.6.tar.gz", hash = "sha256:08695f5cb7ed6e0531a20572697297273c47b8cae5a63ffc6d6ed5c201be6e44"},
]

[[package]]
name = "configargparse"
version = "1.5.3"
requires_python = ">=2.7, !=3.0.*, !=3.1.*, !=3.2.*, !=3.3.*, !=3.4.*"
summary = "A drop-in replacement for argparse that allows options to also be set via config files and/or environment variables."
files = [
    {file = "ConfigArgParse-1.5.3-py3-none-any.whl", hash = "sha256:18f6535a2db9f6e02bd5626cc7455eac3e96b9ab3d969d366f9aafd5c5c00fe7"},
    {file = "ConfigArgParse-1.5.3.tar.gz", hash = "sha256:1b0b3cbf664ab59dada57123c81eff3d9737e0d11d8cf79e3d6eb10823f1739f"},
]

[[package]]
name = "fastapi"
version = "0.95.2"
requires_python = ">=3.7"
summary = "FastAPI framework, high performance, easy to learn, fast to code, ready for production"
dependencies = [
    "pydantic!=1.7,!=1.7.1,!=1.7.2,!=1.7.3,!=1.8,!=1.8.1,<2.0.0,>=1.6.2",
    "starlette<0.28.0,>=0.27.0",
]
files = [
    {file = "fastapi-0.95.2-py3-none-any.whl", hash = "sha256:d374dbc4ef2ad9b803899bd3360d34c534adc574546e25314ab72c0c4411749f"},
    {file = "fastapi-0.95.2.tar.gz", hash = "sha256:4d9d3e8c71c73f11874bcf5e33626258d143252e329a01002f767306c64fb982"},
]

[[package]]
name = "flask"
version = "2.3.2"
requires_python = ">=3.8"
summary = "A simple framework for building complex web applications."
dependencies = [
    "Jinja2>=3.1.2",
    "Werkzeug>=2.3.3",
    "blinker>=1.6.2",
    "click>=8.1.3",
    "importlib-metadata>=3.6.0; python_version < \"3.10\"",
    "itsdangerous>=2.1.2",
]
files = [
    {file = "Flask-2.3.2-py3-none-any.whl", hash = "sha256:77fd4e1249d8c9923de34907236b747ced06e5467ecac1a7bb7115ae0e9670b0"},
    {file = "Flask-2.3.2.tar.gz", hash = "sha256:8c2f9abd47a9e8df7f0c3f091ce9497d011dc3b31effcf4c85a6e2b50f4114ef"},
]

[[package]]
name = "flask-basicauth"
version = "0.2.0"
summary = "HTTP basic access authentication for Flask."
dependencies = [
    "Flask",
]
files = [
    {file = "Flask-BasicAuth-0.2.0.tar.gz", hash = "sha256:df5ebd489dc0914c224419da059d991eb72988a01cdd4b956d52932ce7d501ff"},
]

[[package]]
name = "flask-cors"
version = "3.0.10"
summary = "A Flask extension adding a decorator for CORS support"
dependencies = [
    "Flask>=0.9",
    "Six",
]
files = [
    {file = "Flask-Cors-3.0.10.tar.gz", hash = "sha256:b60839393f3b84a0f3746f6cdca56c1ad7426aa738b70d6c61375857823181de"},
    {file = "Flask_Cors-3.0.10-py2.py3-none-any.whl", hash = "sha256:74efc975af1194fc7891ff5cd85b0f7478be4f7f59fe158102e91abb72bb4438"},
]

[[package]]
name = "gevent"
version = "22.10.2"
requires_python = ">=2.7,!=3.0.*,!=3.1.*,!=3.2.*,!=3.3.*,!=3.4.*,!=3.5"
summary = "Coroutine-based network library"
dependencies = [
    "cffi>=1.12.2; platform_python_implementation == \"CPython\" and sys_platform == \"win32\"",
    "greenlet>=2.0.0; platform_python_implementation == \"CPython\"",
    "setuptools",
    "zope-event",
    "zope-interface",
]
files = [
    {file = "gevent-22.10.2-cp311-cp311-macosx_10_9_universal2.whl", hash = "sha256:8f2477e7b0a903a01485c55bacf2089110e5f767014967ba4b287ff390ae2638"},
    {file = "gevent-22.10.2-cp311-cp311-manylinux_2_17_aarch64.manylinux2014_aarch64.whl", hash = "sha256:ddaa3e310a8f1a45b5c42cf50b54c31003a3028e7d4e085059090ea0e7a5fddd"},
    {file = "gevent-22.10.2-cp311-cp311-manylinux_2_17_ppc64le.manylinux2014_ppc64le.whl", hash = "sha256:98bc510e80f45486ef5b806a1c305e0e89f0430688c14984b0dbdec03331f48b"},
    {file = "gevent-22.10.2-cp311-cp311-manylinux_2_17_x86_64.manylinux2014_x86_64.whl", hash = "sha256:877abdb3a669576b1d51ce6a49b7260b2a96f6b2424eb93287e779a3219d20ba"},
    {file = "gevent-22.10.2-cp311-cp311-musllinux_1_1_x86_64.whl", hash = "sha256:d21ad79cca234cdbfa249e727500b0ddcbc7adfff6614a96e6eaa49faca3e4f2"},
    {file = "gevent-22.10.2-cp311-cp311-win_amd64.whl", hash = "sha256:1e955238f59b2947631c9782a713280dd75884e40e455313b5b6bbc20b92ff73"},
    {file = "gevent-22.10.2.tar.gz", hash = "sha256:1ca01da176ee37b3527a2702f7d40dbc9ffb8cfc7be5a03bfa4f9eec45e55c46"},
]

[[package]]
name = "geventhttpclient"
version = "2.0.9"
summary = "http client library for gevent"
dependencies = [
    "brotli",
    "certifi",
    "gevent>=0.13",
    "six",
]
files = [
    {file = "geventhttpclient-2.0.9-cp311-cp311-macosx_10_9_universal2.whl", hash = "sha256:273cde2893c13cbdfcad46e6a0fb906aa3f6b050e712cba0e46cfa59aca4c330"},
    {file = "geventhttpclient-2.0.9-cp311-cp311-macosx_10_9_x86_64.whl", hash = "sha256:ba0f8863526a2cf44567fda5981da90278583d3006aef02482a92b7d7e38e610"},
    {file = "geventhttpclient-2.0.9-cp311-cp311-macosx_11_0_arm64.whl", hash = "sha256:f8da5696d055883cef55fe52246ea2a686bae865d4d38900f67c7c3df7d01eaa"},
    {file = "geventhttpclient-2.0.9-cp311-cp311-manylinux_2_17_aarch64.manylinux2014_aarch64.whl", hash = "sha256:e25e14c91898217f3a69346c2704e4629634b3429cdff226e716e6d830c402e1"},
    {file = "geventhttpclient-2.0.9-cp311-cp311-manylinux_2_17_ppc64le.manylinux2014_ppc64le.whl", hash = "sha256:46b08a7de94a3db62ebeb41e68097db1e3836eef2e2febccb2d710add8943838"},
    {file = "geventhttpclient-2.0.9-cp311-cp311-manylinux_2_5_i686.manylinux1_i686.manylinux_2_17_i686.manylinux2014_i686.whl", hash = "sha256:d0e33f23168824338a84e05e47808a48895e78e77c5d2ec353a6e77a0b727057"},
    {file = "geventhttpclient-2.0.9-cp311-cp311-manylinux_2_5_x86_64.manylinux1_x86_64.manylinux_2_17_x86_64.manylinux2014_x86_64.whl", hash = "sha256:f505a7060aeafd7ed94acc8c234690717ed03aa6421580847ade8d4a6d8741c1"},
    {file = "geventhttpclient-2.0.9-cp311-cp311-musllinux_1_1_aarch64.whl", hash = "sha256:bc0cd15d51b5817efeef98d6ffe51bebd371c0c81731b239d0c6e81923c3b986"},
    {file = "geventhttpclient-2.0.9-cp311-cp311-musllinux_1_1_i686.whl", hash = "sha256:9a7e72d38e3a4d4f84c11dbfd74b70e70c3c9099ea7336a6c6227e0628c83a67"},
    {file = "geventhttpclient-2.0.9-cp311-cp311-musllinux_1_1_ppc64le.whl", hash = "sha256:62edef5141ea260caa91618b133d8888d9af6767e11a2e972dbb5be0e297ff8e"},
    {file = "geventhttpclient-2.0.9-cp311-cp311-musllinux_1_1_x86_64.whl", hash = "sha256:40cc9acfb7096b8fa3a4c4634dcc0a1cfc6a0a5501c597d1c4a5574fde1bb1be"},
    {file = "geventhttpclient-2.0.9-cp311-cp311-win32.whl", hash = "sha256:44e7de9925356486988f72b239d1608597b6d1462664a7fa7ad5b8704a3f6f4e"},
    {file = "geventhttpclient-2.0.9-cp311-cp311-win_amd64.whl", hash = "sha256:03b3c64fcd16795a5acbdf8588e05a58fde498cd550285cf3ea6e1c6cc28378c"},
    {file = "geventhttpclient-2.0.9.tar.gz", hash = "sha256:8abc39d346e923bd6a7b405d38dd01e19146594b6304032f382eda8b0f631513"},
]

[[package]]
name = "greenlet"
version = "2.0.2"
requires_python = ">=2.7,!=3.0.*,!=3.1.*,!=3.2.*,!=3.3.*,!=3.4.*"
summary = "Lightweight in-process concurrent programming"
files = [
    {file = "greenlet-2.0.2-cp311-cp311-macosx_10_9_universal2.whl", hash = "sha256:c4302695ad8027363e96311df24ee28978162cdcdd2006476c43970b384a244c"},
    {file = "greenlet-2.0.2-cp311-cp311-macosx_11_0_arm64.whl", hash = "sha256:d4606a527e30548153be1a9f155f4e283d109ffba663a15856089fb55f933e47"},
    {file = "greenlet-2.0.2-cp311-cp311-manylinux_2_17_aarch64.manylinux2014_aarch64.whl", hash = "sha256:c48f54ef8e05f04d6eff74b8233f6063cb1ed960243eacc474ee73a2ea8573ca"},
    {file = "greenlet-2.0.2-cp311-cp311-manylinux_2_17_ppc64le.manylinux2014_ppc64le.whl", hash = "sha256:a1846f1b999e78e13837c93c778dcfc3365902cfb8d1bdb7dd73ead37059f0d0"},
    {file = "greenlet-2.0.2-cp311-cp311-manylinux_2_17_x86_64.manylinux2014_x86_64.whl", hash = "sha256:3a06ad5312349fec0ab944664b01d26f8d1f05009566339ac6f63f56589bc1a2"},
    {file = "greenlet-2.0.2-cp311-cp311-musllinux_1_1_aarch64.whl", hash = "sha256:eff4eb9b7eb3e4d0cae3d28c283dc16d9bed6b193c2e1ace3ed86ce48ea8df19"},
    {file = "greenlet-2.0.2-cp311-cp311-musllinux_1_1_x86_64.whl", hash = "sha256:5454276c07d27a740c5892f4907c86327b632127dd9abec42ee62e12427ff7e3"},
    {file = "greenlet-2.0.2-cp311-cp311-win_amd64.whl", hash = "sha256:7cafd1208fdbe93b67c7086876f061f660cfddc44f404279c1585bbf3cdc64c5"},
    {file = "greenlet-2.0.2.tar.gz", hash = "sha256:e7c8dc13af7db097bed64a051d2dd49e9f0af495c26995c00a9ee842690d34c0"},
]

[[package]]
name = "h11"
version = "0.14.0"
requires_python = ">=3.7"
summary = "A pure-Python, bring-your-own-I/O implementation of HTTP/1.1"
dependencies = [
    "typing-extensions; python_version < \"3.8\"",
]
files = [
    {file = "h11-0.14.0-py3-none-any.whl", hash = "sha256:e3fe4ac4b851c468cc8363d500db52c2ead036020723024a109d37346efaa761"},
    {file = "h11-0.14.0.tar.gz", hash = "sha256:8f19fbbe99e72420ff35c00b27a34cb9937e902a8b810e2c88300c6f0a3b699d"},
]

[[package]]
name = "idna"
version = "3.4"
requires_python = ">=3.5"
summary = "Internationalized Domain Names in Applications (IDNA)"
files = [
    {file = "idna-3.4-py3-none-any.whl", hash = "sha256:90b77e79eaa3eba6de819a0c442c0b4ceefc341a7a2ab77d7562bf49f425c5c2"},
    {file = "idna-3.4.tar.gz", hash = "sha256:814f528e8dead7d329833b91c5faa87d60bf71824cd12a7530b5526063d02cb4"},
]

[[package]]
name = "itsdangerous"
version = "2.1.2"
requires_python = ">=3.7"
summary = "Safely pass data to untrusted environments and back."
files = [
    {file = "itsdangerous-2.1.2-py3-none-any.whl", hash = "sha256:2c2349112351b88699d8d4b6b075022c0808887cb7ad10069318a8b0bc88db44"},
    {file = "itsdangerous-2.1.2.tar.gz", hash = "sha256:5dbbc68b317e5e42f327f9021763545dc3fc3bfe22e6deb96aaf1fc38874156a"},
]

[[package]]
name = "jinja2"
version = "3.1.2"
requires_python = ">=3.7"
summary = "A very fast and expressive template engine."
dependencies = [
    "MarkupSafe>=2.0",
]
files = [
    {file = "Jinja2-3.1.2-py3-none-any.whl", hash = "sha256:6088930bfe239f0e6710546ab9c19c9ef35e29792895fed6e6e31a023a182a61"},
    {file = "Jinja2-3.1.2.tar.gz", hash = "sha256:31351a702a408a9e7595a8fc6150fc3f43bb6bf7e319770cbc0db9df9437e852"},
]

[[package]]
name = "locust"
version = "2.15.1"
requires_python = ">=3.7"
summary = "Developer friendly load testing framework"
dependencies = [
    "ConfigArgParse>=1.0",
    "Flask-BasicAuth>=0.2.0",
    "Flask-Cors>=3.0.10",
    "Werkzeug>=2.0.0",
    "flask>=2.0.0",
    "gevent>=20.12.1",
    "geventhttpclient>=2.0.2",
    "msgpack>=0.6.2",
    "psutil>=5.6.7",
    "pywin32; platform_system == \"Windows\"",
    "pyzmq!=23.0.0,>=22.2.1",
    "requests>=2.23.0",
    "roundrobin>=0.0.2",
    "typing-extensions>=3.7.4.3",
]
files = [
    {file = "locust-2.15.1-py3-none-any.whl", hash = "sha256:9e0bb30b4962f9c9611174df0fdea2a4e3f41656b36dc7b0a1a46f618a83d5a9"},
    {file = "locust-2.15.1.tar.gz", hash = "sha256:a6307f3bf995c180f66e7caed94360b8c8ed95d64dca508614d803d5b0b39f15"},
]

[[package]]
name = "markupsafe"
version = "2.1.2"
requires_python = ">=3.7"
summary = "Safely add untrusted strings to HTML/XML markup."
files = [
    {file = "MarkupSafe-2.1.2-cp311-cp311-macosx_10_9_universal2.whl", hash = "sha256:2ec4f2d48ae59bbb9d1f9d7efb9236ab81429a764dedca114f5fdabbc3788013"},
    {file = "MarkupSafe-2.1.2-cp311-cp311-macosx_10_9_x86_64.whl", hash = "sha256:608e7073dfa9e38a85d38474c082d4281f4ce276ac0010224eaba11e929dd53a"},
    {file = "MarkupSafe-2.1.2-cp311-cp311-manylinux_2_17_aarch64.manylinux2014_aarch64.whl", hash = "sha256:65608c35bfb8a76763f37036547f7adfd09270fbdbf96608be2bead319728fcd"},
    {file = "MarkupSafe-2.1.2-cp311-cp311-manylinux_2_17_x86_64.manylinux2014_x86_64.whl", hash = "sha256:f2bfb563d0211ce16b63c7cb9395d2c682a23187f54c3d79bfec33e6705473c6"},
    {file = "MarkupSafe-2.1.2-cp311-cp311-manylinux_2_5_i686.manylinux1_i686.manylinux_2_17_i686.manylinux2014_i686.whl", hash = "sha256:da25303d91526aac3672ee6d49a2f3db2d9502a4a60b55519feb1a4c7714e07d"},
    {file = "MarkupSafe-2.1.2-cp311-cp311-musllinux_1_1_aarch64.whl", hash = "sha256:9cad97ab29dfc3f0249b483412c85c8ef4766d96cdf9dcf5a1e3caa3f3661cf1"},
    {file = "MarkupSafe-2.1.2-cp311-cp311-musllinux_1_1_i686.whl", hash = "sha256:085fd3201e7b12809f9e6e9bc1e5c96a368c8523fad5afb02afe3c051ae4afcc"},
    {file = "MarkupSafe-2.1.2-cp311-cp311-musllinux_1_1_x86_64.whl", hash = "sha256:1bea30e9bf331f3fef67e0a3877b2288593c98a21ccb2cf29b74c581a4eb3af0"},
    {file = "MarkupSafe-2.1.2-cp311-cp311-win32.whl", hash = "sha256:7df70907e00c970c60b9ef2938d894a9381f38e6b9db73c5be35e59d92e06625"},
    {file = "MarkupSafe-2.1.2-cp311-cp311-win_amd64.whl", hash = "sha256:e55e40ff0cc8cc5c07996915ad367fa47da6b3fc091fdadca7f5403239c5fec3"},
    {file = "MarkupSafe-2.1.2.tar.gz", hash = "sha256:abcabc8c2b26036d62d4c746381a6f7cf60aafcc653198ad678306986b09450d"},
]

[[package]]
name = "msgpack"
version = "1.0.5"
summary = "MessagePack serializer"
files = [
    {file = "msgpack-1.0.5-cp311-cp311-macosx_10_9_universal2.whl", hash = "sha256:9f5ae84c5c8a857ec44dc180a8b0cc08238e021f57abdf51a8182e915e6299f0"},
    {file = "msgpack-1.0.5-cp311-cp311-macosx_10_9_x86_64.whl", hash = "sha256:9e6ca5d5699bcd89ae605c150aee83b5321f2115695e741b99618f4856c50898"},
    {file = "msgpack-1.0.5-cp311-cp311-macosx_11_0_arm64.whl", hash = "sha256:5494ea30d517a3576749cad32fa27f7585c65f5f38309c88c6d137877fa28a5a"},
    {file = "msgpack-1.0.5-cp311-cp311-manylinux_2_17_aarch64.manylinux2014_aarch64.whl", hash = "sha256:1ab2f3331cb1b54165976a9d976cb251a83183631c88076613c6c780f0d6e45a"},
    {file = "msgpack-1.0.5-cp311-cp311-manylinux_2_17_x86_64.manylinux2014_x86_64.whl", hash = "sha256:28592e20bbb1620848256ebc105fc420436af59515793ed27d5c77a217477705"},
    {file = "msgpack-1.0.5-cp311-cp311-manylinux_2_5_i686.manylinux1_i686.manylinux_2_17_i686.manylinux2014_i686.whl", hash = "sha256:fe5c63197c55bce6385d9aee16c4d0641684628f63ace85f73571e65ad1c1e8d"},
    {file = "msgpack-1.0.5-cp311-cp311-musllinux_1_1_aarch64.whl", hash = "sha256:ed40e926fa2f297e8a653c954b732f125ef97bdd4c889f243182299de27e2aa9"},
    {file = "msgpack-1.0.5-cp311-cp311-musllinux_1_1_i686.whl", hash = "sha256:b2de4c1c0538dcb7010902a2b97f4e00fc4ddf2c8cda9749af0e594d3b7fa3d7"},
    {file = "msgpack-1.0.5-cp311-cp311-musllinux_1_1_x86_64.whl", hash = "sha256:bf22a83f973b50f9d38e55c6aade04c41ddda19b00c4ebc558930d78eecc64ed"},
    {file = "msgpack-1.0.5-cp311-cp311-win32.whl", hash = "sha256:c396e2cc213d12ce017b686e0f53497f94f8ba2b24799c25d913d46c08ec422c"},
    {file = "msgpack-1.0.5-cp311-cp311-win_amd64.whl", hash = "sha256:6c4c68d87497f66f96d50142a2b73b97972130d93677ce930718f68828b382e2"},
    {file = "msgpack-1.0.5.tar.gz", hash = "sha256:c075544284eadc5cddc70f4757331d99dcbc16b2bbd4849d15f8aae4cf36d31c"},
]

[[package]]
name = "psutil"
version = "5.9.5"
requires_python = ">=2.7, !=3.0.*, !=3.1.*, !=3.2.*, !=3.3.*"
summary = "Cross-platform lib for process and system monitoring in Python."
files = [
    {file = "psutil-5.9.5-cp36-abi3-macosx_10_9_x86_64.whl", hash = "sha256:3c6f686f4225553615612f6d9bc21f1c0e305f75d7d8454f9b46e901778e7217"},
    {file = "psutil-5.9.5-cp36-abi3-manylinux_2_12_i686.manylinux2010_i686.manylinux_2_17_i686.manylinux2014_i686.whl", hash = "sha256:7a7dd9997128a0d928ed4fb2c2d57e5102bb6089027939f3b722f3a210f9a8da"},
    {file = "psutil-5.9.5-cp36-abi3-manylinux_2_12_x86_64.manylinux2010_x86_64.manylinux_2_17_x86_64.manylinux2014_x86_64.whl", hash = "sha256:89518112647f1276b03ca97b65cc7f64ca587b1eb0278383017c2a0dcc26cbe4"},
    {file = "psutil-5.9.5-cp36-abi3-win32.whl", hash = "sha256:104a5cc0e31baa2bcf67900be36acde157756b9c44017b86b2c049f11957887d"},
    {file = "psutil-5.9.5-cp36-abi3-win_amd64.whl", hash = "sha256:b258c0c1c9d145a1d5ceffab1134441c4c5113b2417fafff7315a917a026c3c9"},
    {file = "psutil-5.9.5-cp38-abi3-macosx_11_0_arm64.whl", hash = "sha256:c607bb3b57dc779d55e1554846352b4e358c10fff3abf3514a7a6601beebdb30"},
    {file = "psutil-5.9.5.tar.gz", hash = "sha256:5410638e4df39c54d957fc51ce03048acd8e6d60abc0f5107af51e5fb566eb3c"},
]

[[package]]
name = "psycopg2"
version = "2.9.6"
requires_python = ">=3.6"
summary = "psycopg2 - Python-PostgreSQL Database Adapter"
files = [
    {file = "psycopg2-2.9.6-cp311-cp311-win32.whl", hash = "sha256:53f4ad0a3988f983e9b49a5d9765d663bbe84f508ed655affdb810af9d0972ad"},
    {file = "psycopg2-2.9.6-cp311-cp311-win_amd64.whl", hash = "sha256:b81fcb9ecfc584f661b71c889edeae70bae30d3ef74fa0ca388ecda50b1222b7"},
    {file = "psycopg2-2.9.6.tar.gz", hash = "sha256:f15158418fd826831b28585e2ab48ed8df2d0d98f502a2b4fe619e7d5ca29011"},
]

[[package]]
name = "pycparser"
version = "2.21"
requires_python = ">=2.7, !=3.0.*, !=3.1.*, !=3.2.*, !=3.3.*"
summary = "C parser in Python"
files = [
    {file = "pycparser-2.21-py2.py3-none-any.whl", hash = "sha256:8ee45429555515e1f6b185e78100aea234072576aa43ab53aefcae078162fca9"},
    {file = "pycparser-2.21.tar.gz", hash = "sha256:e644fdec12f7872f86c58ff790da456218b10f863970249516d60a5eaca77206"},
]

[[package]]
name = "pydantic"
version = "1.10.8"
requires_python = ">=3.7"
summary = "Data validation and settings management using python type hints"
dependencies = [
    "typing-extensions>=4.2.0",
]
files = [
    {file = "pydantic-1.10.8-cp311-cp311-macosx_10_9_x86_64.whl", hash = "sha256:666bdf6066bf6dbc107b30d034615d2627e2121506c555f73f90b54a463d1f33"},
    {file = "pydantic-1.10.8-cp311-cp311-macosx_11_0_arm64.whl", hash = "sha256:35db5301b82e8661fa9c505c800d0990bc14e9f36f98932bb1d248c0ac5cada5"},
    {file = "pydantic-1.10.8-cp311-cp311-manylinux_2_17_x86_64.manylinux2014_x86_64.whl", hash = "sha256:f90c1e29f447557e9e26afb1c4dbf8768a10cc676e3781b6a577841ade126b85"},
    {file = "pydantic-1.10.8-cp311-cp311-manylinux_2_5_i686.manylinux1_i686.manylinux_2_17_i686.manylinux2014_i686.whl", hash = "sha256:93e766b4a8226e0708ef243e843105bf124e21331694367f95f4e3b4a92bbb3f"},
    {file = "pydantic-1.10.8-cp311-cp311-musllinux_1_1_i686.whl", hash = "sha256:88f195f582851e8db960b4a94c3e3ad25692c1c1539e2552f3df7a9e972ef60e"},
    {file = "pydantic-1.10.8-cp311-cp311-musllinux_1_1_x86_64.whl", hash = "sha256:34d327c81e68a1ecb52fe9c8d50c8a9b3e90d3c8ad991bfc8f953fb477d42fb4"},
    {file = "pydantic-1.10.8-cp311-cp311-win_amd64.whl", hash = "sha256:d532bf00f381bd6bc62cabc7d1372096b75a33bc197a312b03f5838b4fb84edd"},
    {file = "pydantic-1.10.8-py3-none-any.whl", hash = "sha256:7456eb22ed9aaa24ff3e7b4757da20d9e5ce2a81018c1b3ebd81a0b88a18f3b2"},
    {file = "pydantic-1.10.8.tar.gz", hash = "sha256:1410275520dfa70effadf4c21811d755e7ef9bb1f1d077a21958153a92c8d9ca"},
]

[[package]]
name = "pywin32"
version = "306"
summary = "Python for Window Extensions"
files = [
    {file = "pywin32-306-cp311-cp311-win32.whl", hash = "sha256:e65028133d15b64d2ed8f06dd9fbc268352478d4f9289e69c190ecd6818b6407"},
    {file = "pywin32-306-cp311-cp311-win_amd64.whl", hash = "sha256:a7639f51c184c0272e93f244eb24dafca9b1855707d94c192d4a0b4c01e1100e"},
    {file = "pywin32-306-cp311-cp311-win_arm64.whl", hash = "sha256:70dba0c913d19f942a2db25217d9a1b726c278f483a919f1abfed79c9cf64d3a"},
    {file = "pywin32-306-cp312-cp312-win32.whl", hash = "sha256:383229d515657f4e3ed1343da8be101000562bf514591ff383ae940cad65458b"},
    {file = "pywin32-306-cp312-cp312-win_amd64.whl", hash = "sha256:37257794c1ad39ee9be652da0462dc2e394c8159dfd913a8a4e8eb6fd346da0e"},
    {file = "pywin32-306-cp312-cp312-win_arm64.whl", hash = "sha256:5821ec52f6d321aa59e2db7e0a35b997de60c201943557d108af9d4ae1ec7040"},
]

[[package]]
name = "pyzmq"
version = "25.1.0"
requires_python = ">=3.6"
summary = "Python bindings for 0MQ"
dependencies = [
    "cffi; implementation_name == \"pypy\"",
]
files = [
    {file = "pyzmq-25.1.0-cp311-cp311-macosx_10_15_universal2.whl", hash = "sha256:13bbe36da3f8aaf2b7ec12696253c0bf6ffe05f4507985a8844a1081db6ec22d"},
    {file = "pyzmq-25.1.0-cp311-cp311-macosx_10_9_x86_64.whl", hash = "sha256:69511d604368f3dc58d4be1b0bad99b61ee92b44afe1cd9b7bd8c5e34ea8248a"},
    {file = "pyzmq-25.1.0-cp311-cp311-manylinux_2_17_aarch64.manylinux2014_aarch64.whl", hash = "sha256:4a983c8694667fd76d793ada77fd36c8317e76aa66eec75be2653cef2ea72883"},
    {file = "pyzmq-25.1.0-cp311-cp311-manylinux_2_17_i686.manylinux2014_i686.whl", hash = "sha256:332616f95eb400492103ab9d542b69d5f0ff628b23129a4bc0a2fd48da6e4e0b"},
    {file = "pyzmq-25.1.0-cp311-cp311-manylinux_2_17_x86_64.manylinux2014_x86_64.whl", hash = "sha256:58416db767787aedbfd57116714aad6c9ce57215ffa1c3758a52403f7c68cff5"},
    {file = "pyzmq-25.1.0-cp311-cp311-manylinux_2_28_x86_64.whl", hash = "sha256:cad9545f5801a125f162d09ec9b724b7ad9b6440151b89645241d0120e119dcc"},
    {file = "pyzmq-25.1.0-cp311-cp311-musllinux_1_1_aarch64.whl", hash = "sha256:d6128d431b8dfa888bf51c22a04d48bcb3d64431caf02b3cb943269f17fd2994"},
    {file = "pyzmq-25.1.0-cp311-cp311-musllinux_1_1_i686.whl", hash = "sha256:2b15247c49d8cbea695b321ae5478d47cffd496a2ec5ef47131a9e79ddd7e46c"},
    {file = "pyzmq-25.1.0-cp311-cp311-musllinux_1_1_x86_64.whl", hash = "sha256:442d3efc77ca4d35bee3547a8e08e8d4bb88dadb54a8377014938ba98d2e074a"},
    {file = "pyzmq-25.1.0-cp311-cp311-win32.whl", hash = "sha256:65346f507a815a731092421d0d7d60ed551a80d9b75e8b684307d435a5597425"},
    {file = "pyzmq-25.1.0-cp311-cp311-win_amd64.whl", hash = "sha256:8b45d722046fea5a5694cba5d86f21f78f0052b40a4bbbbf60128ac55bfcc7b6"},
    {file = "pyzmq-25.1.0.tar.gz", hash = "sha256:80c41023465d36280e801564a69cbfce8ae85ff79b080e1913f6e90481fb8957"},
]

[[package]]
name = "requests"
version = "2.31.0"
requires_python = ">=3.7"
summary = "Python HTTP for Humans."
dependencies = [
    "certifi>=2017.4.17",
    "charset-normalizer<4,>=2",
    "idna<4,>=2.5",
    "urllib3<3,>=1.21.1",
]
files = [
    {file = "requests-2.31.0-py3-none-any.whl", hash = "sha256:58cd2187c01e70e6e26505bca751777aa9f2ee0b7f4300988b709f44e013003f"},
    {file = "requests-2.31.0.tar.gz", hash = "sha256:942c5a758f98d790eaed1a29cb6eefc7ffb0d1cf7af05c3d2791656dbd6ad1e1"},
]

[[package]]
name = "roundrobin"
version = "0.0.4"
summary = "Collection of roundrobin utilities"
files = [
    {file = "roundrobin-0.0.4.tar.gz", hash = "sha256:7e9d19a5bd6123d99993fb935fa86d25c88bb2096e493885f61737ed0f5e9abd"},
]

[[package]]
name = "setuptools"
version = "67.8.0"
requires_python = ">=3.7"
summary = "Easily download, build, install, upgrade, and uninstall Python packages"
files = [
    {file = "setuptools-67.8.0-py3-none-any.whl", hash = "sha256:5df61bf30bb10c6f756eb19e7c9f3b473051f48db77fddbe06ff2ca307df9a6f"},
    {file = "setuptools-67.8.0.tar.gz", hash = "sha256:62642358adc77ffa87233bc4d2354c4b2682d214048f500964dbe760ccedf102"},
]

[[package]]
name = "six"
version = "1.16.0"
requires_python = ">=2.7, !=3.0.*, !=3.1.*, !=3.2.*"
summary = "Python 2 and 3 compatibility utilities"
files = [
    {file = "six-1.16.0-py2.py3-none-any.whl", hash = "sha256:8abb2f1d86890a2dfb989f9a77cfcfd3e47c2a354b01111771326f8aa26e0254"},
    {file = "six-1.16.0.tar.gz", hash = "sha256:1e61c37477a1626458e36f7b1d82aa5c9b094fa4802892072e49de9c60c4c926"},
]

[[package]]
name = "sniffio"
version = "1.3.0"
requires_python = ">=3.7"
summary = "Sniff out which async library your code is running under"
files = [
    {file = "sniffio-1.3.0-py3-none-any.whl", hash = "sha256:eecefdce1e5bbfb7ad2eeaabf7c1eeb404d7757c379bd1f7e5cce9d8bf425384"},
    {file = "sniffio-1.3.0.tar.gz", hash = "sha256:e60305c5e5d314f5389259b7f22aaa33d8f7dee49763119234af3755c55b9101"},
]

[[package]]
name = "sqlalchemy"
version = "1.4.41"
requires_python = "!=3.0.*,!=3.1.*,!=3.2.*,!=3.3.*,!=3.4.*,!=3.5.*,>=2.7"
summary = "Database Abstraction Library"
dependencies = [
    "greenlet!=0.4.17; (platform_machine == \"win32\" or platform_machine == \"WIN32\" or platform_machine == \"AMD64\" or platform_machine == \"amd64\" or platform_machine == \"x86_64\" or platform_machine == \"ppc64le\" or platform_machine == \"aarch64\") and python_version >= \"3\"",
    "importlib-metadata; python_version < \"3.8\"",
]
files = [
    {file = "SQLAlchemy-1.4.41-cp311-cp311-macosx_10_15_x86_64.whl", hash = "sha256:90484a2b00baedad361402c257895b13faa3f01780f18f4a104a2f5c413e4536"},
    {file = "SQLAlchemy-1.4.41-cp311-cp311-manylinux_2_17_aarch64.manylinux2014_aarch64.whl", hash = "sha256:b67fc780cfe2b306180e56daaa411dd3186bf979d50a6a7c2a5b5036575cbdbb"},
    {file = "SQLAlchemy-1.4.41-cp311-cp311-manylinux_2_5_x86_64.manylinux1_x86_64.manylinux_2_17_x86_64.manylinux2014_x86_64.whl", hash = "sha256:2ad2b727fc41c7f8757098903f85fafb4bf587ca6605f82d9bf5604bd9c7cded"},
    {file = "SQLAlchemy-1.4.41-cp311-cp311-win32.whl", hash = "sha256:59bdc291165b6119fc6cdbc287c36f7f2859e6051dd923bdf47b4c55fd2f8bd0"},
    {file = "SQLAlchemy-1.4.41-cp311-cp311-win_amd64.whl", hash = "sha256:d2e054aed4645f9b755db85bc69fc4ed2c9020c19c8027976f66576b906a74f1"},
    {file = "SQLAlchemy-1.4.41.tar.gz", hash = "sha256:0292f70d1797e3c54e862e6f30ae474014648bc9c723e14a2fda730adb0a9791"},
]

[[package]]
name = "sqlalchemy2-stubs"
version = "0.0.2a34"
requires_python = ">=3.6"
summary = "Typing Stubs for SQLAlchemy 1.4"
dependencies = [
    "typing-extensions>=3.7.4",
]
files = [
    {file = "sqlalchemy2-stubs-0.0.2a34.tar.gz", hash = "sha256:2432137ab2fde1a608df4544f6712427b0b7ff25990cfbbc5a9d1db6c8c6f489"},
    {file = "sqlalchemy2_stubs-0.0.2a34-py3-none-any.whl", hash = "sha256:a313220ac793404349899faf1272e821a62dbe1d3a029bd444faa8d3e966cd07"},
]

[[package]]
name = "sqlmodel"
version = "0.0.8"
requires_python = ">=3.6.1,<4.0.0"
summary = "SQLModel, SQL databases in Python, designed for simplicity, compatibility, and robustness."
dependencies = [
    "SQLAlchemy<=1.4.41,>=1.4.17",
    "pydantic<2.0.0,>=1.8.2",
    "sqlalchemy2-stubs",
]
files = [
    {file = "sqlmodel-0.0.8-py3-none-any.whl", hash = "sha256:0fd805719e0c5d4f22be32eb3ffc856eca3f7f20e8c7aa3e117ad91684b518ee"},
    {file = "sqlmodel-0.0.8.tar.gz", hash = "sha256:3371b4d1ad59d2ffd0c530582c2140b6c06b090b32af9b9c6412986d7b117036"},
]

[[package]]
name = "starlette"
version = "0.27.0"
requires_python = ">=3.7"
summary = "The little ASGI library that shines."
dependencies = [
    "anyio<5,>=3.4.0",
    "typing-extensions>=3.10.0; python_version < \"3.10\"",
]
files = [
    {file = "starlette-0.27.0-py3-none-any.whl", hash = "sha256:918416370e846586541235ccd38a474c08b80443ed31c578a418e2209b3eef91"},
    {file = "starlette-0.27.0.tar.gz", hash = "sha256:6a6b0d042acb8d469a01eba54e9cda6cbd24ac602c4cd016723117d6a7e73b75"},
]

[[package]]
name = "typing-extensions"
version = "4.6.2"
requires_python = ">=3.7"
summary = "Backported and Experimental Type Hints for Python 3.7+"
files = [
    {file = "typing_extensions-4.6.2-py3-none-any.whl", hash = "sha256:3a8b36f13dd5fdc5d1b16fe317f5668545de77fa0b8e02006381fd49d731ab98"},
    {file = "typing_extensions-4.6.2.tar.gz", hash = "sha256:06006244c70ac8ee83fa8282cb188f697b8db25bc8b4df07be1873c43897060c"},
]

[[package]]
name = "urllib3"
version = "2.0.2"
requires_python = ">=3.7"
summary = "HTTP library with thread-safe connection pooling, file post, and more."
files = [
    {file = "urllib3-2.0.2-py3-none-any.whl", hash = "sha256:d055c2f9d38dc53c808f6fdc8eab7360b6fdbbde02340ed25cfbcd817c62469e"},
    {file = "urllib3-2.0.2.tar.gz", hash = "sha256:61717a1095d7e155cdb737ac7bb2f4324a858a1e2e6466f6d03ff630ca68d3cc"},
]

[[package]]
name = "uvicorn"
version = "0.22.0"
requires_python = ">=3.7"
summary = "The lightning-fast ASGI server."
dependencies = [
    "click>=7.0",
    "h11>=0.8",
    "typing-extensions; python_version < \"3.8\"",
]
files = [
    {file = "uvicorn-0.22.0-py3-none-any.whl", hash = "sha256:e9434d3bbf05f310e762147f769c9f21235ee118ba2d2bf1155a7196448bd996"},
    {file = "uvicorn-0.22.0.tar.gz", hash = "sha256:79277ae03db57ce7d9aa0567830bbb51d7a612f54d6e1e3e92da3ef24c2c8ed8"},
]

[[package]]
name = "werkzeug"
version = "2.3.4"
requires_python = ">=3.8"
summary = "The comprehensive WSGI web application library."
dependencies = [
    "MarkupSafe>=2.1.1",
]
files = [
    {file = "Werkzeug-2.3.4-py3-none-any.whl", hash = "sha256:48e5e61472fee0ddee27ebad085614ebedb7af41e88f687aaf881afb723a162f"},
    {file = "Werkzeug-2.3.4.tar.gz", hash = "sha256:1d5a58e0377d1fe39d061a5de4469e414e78ccb1e1e59c0f5ad6fa1c36c52b76"},
]

[[package]]
name = "zope-event"
version = "4.6"
summary = "Very basic event publishing system"
dependencies = [
    "setuptools",
]
files = [
    {file = "zope.event-4.6-py2.py3-none-any.whl", hash = "sha256:73d9e3ef750cca14816a9c322c7250b0d7c9dbc337df5d1b807ff8d3d0b9e97c"},
    {file = "zope.event-4.6.tar.gz", hash = "sha256:81d98813046fc86cc4136e3698fee628a3282f9c320db18658c21749235fce80"},
]

[[package]]
name = "zope-interface"
version = "6.0"
requires_python = ">=3.7"
summary = "Interfaces for Python"
dependencies = [
    "setuptools",
]
files = [
    {file = "zope.interface-6.0-cp311-cp311-macosx_10_9_x86_64.whl", hash = "sha256:f2363e5fd81afb650085c6686f2ee3706975c54f331b426800b53531191fdf28"},
    {file = "zope.interface-6.0-cp311-cp311-macosx_11_0_arm64.whl", hash = "sha256:af169ba897692e9cd984a81cb0f02e46dacdc07d6cf9fd5c91e81f8efaf93d52"},
    {file = "zope.interface-6.0-cp311-cp311-manylinux_2_17_aarch64.manylinux2014_aarch64.whl", hash = "sha256:fa90bac61c9dc3e1a563e5babb3fd2c0c1c80567e815442ddbe561eadc803b30"},
    {file = "zope.interface-6.0-cp311-cp311-manylinux_2_5_i686.manylinux1_i686.manylinux_2_17_i686.manylinux2014_i686.whl", hash = "sha256:89086c9d3490a0f265a3c4b794037a84541ff5ffa28bb9c24cc9f66566968464"},
    {file = "zope.interface-6.0-cp311-cp311-manylinux_2_5_x86_64.manylinux1_x86_64.manylinux_2_17_x86_64.manylinux2014_x86_64.whl", hash = "sha256:809fe3bf1a91393abc7e92d607976bbb8586512913a79f2bf7d7ec15bd8ea518"},
    {file = "zope.interface-6.0-cp311-cp311-win_amd64.whl", hash = "sha256:0ec9653825f837fbddc4e4b603d90269b501486c11800d7c761eee7ce46d1bbb"},
    {file = "zope.interface-6.0.tar.gz", hash = "sha256:aab584725afd10c710b8f1e6e208dbee2d0ad009f57d674cb9d1b3964037275d"},
]
